// !$*UTF8*$!
{
	archiveVersion = 1;
	classes = {
	};
	objectVersion = 54;
	objects = {

/* Begin PBXBuildFile section */
		F1B9C4071F9F1FE8004FE223 /* SodyoSDKDemo.storyboard in Resources */ = {isa = PBXBuildFile; fileRef = F1B9C4061F9F1FE8004FE223 /* SodyoSDKDemo.storyboard */; };
		F1D293E048A9D9F9A41798BB /* Pods_SodyoSDKDemoSwift.framework in Frameworks */ = {isa = PBXBuildFile; fileRef = 041CA9D8BF6925319B3D9342 /* Pods_SodyoSDKDemoSwift.framework */; };
		F1FF58031F6A2E0F00FDCFCD /* AppDelegate.swift in Sources */ = {isa = PBXBuildFile; fileRef = F1FF58021F6A2E0F00FDCFCD /* AppDelegate.swift */; };
		F1FF58051F6A2E0F00FDCFCD /* ViewController.swift in Sources */ = {isa = PBXBuildFile; fileRef = F1FF58041F6A2E0F00FDCFCD /* ViewController.swift */; };
		F1FF580A1F6A2E0F00FDCFCD /* Assets.xcassets in Resources */ = {isa = PBXBuildFile; fileRef = F1FF58091F6A2E0F00FDCFCD /* Assets.xcassets */; };
		F1FF580D1F6A2E0F00FDCFCD /* LaunchScreen.storyboard in Resources */ = {isa = PBXBuildFile; fileRef = F1FF580B1F6A2E0F00FDCFCD /* LaunchScreen.storyboard */; };
/* End PBXBuildFile section */

/* Begin PBXFileReference section */
		041CA9D8BF6925319B3D9342 /* Pods_SodyoSDKDemoSwift.framework */ = {isa = PBXFileReference; explicitFileType = wrapper.framework; includeInIndex = 0; path = Pods_SodyoSDKDemoSwift.framework; sourceTree = BUILT_PRODUCTS_DIR; };
		0AA3AC23E3D581E98C4C95D4 /* Pods-SodyoSDKDemoSwift.debug.xcconfig */ = {isa = PBXFileReference; includeInIndex = 1; lastKnownFileType = text.xcconfig; name = "Pods-SodyoSDKDemoSwift.debug.xcconfig"; path = "Pods/Target Support Files/Pods-SodyoSDKDemoSwift/Pods-SodyoSDKDemoSwift.debug.xcconfig"; sourceTree = "<group>"; };
		0EC43849C08A61D62CC27BCD /* Pods-SodyoSDKDemoSwift.release.xcconfig */ = {isa = PBXFileReference; includeInIndex = 1; lastKnownFileType = text.xcconfig; name = "Pods-SodyoSDKDemoSwift.release.xcconfig"; path = "Pods/Target Support Files/Pods-SodyoSDKDemoSwift/Pods-SodyoSDKDemoSwift.release.xcconfig"; sourceTree = "<group>"; };
		F1B9C4061F9F1FE8004FE223 /* SodyoSDKDemo.storyboard */ = {isa = PBXFileReference; fileEncoding = 4; lastKnownFileType = file.storyboard; path = SodyoSDKDemo.storyboard; sourceTree = "<group>"; };
		F1FF57FF1F6A2E0F00FDCFCD /* SodyoSDKDemoSwift.app */ = {isa = PBXFileReference; explicitFileType = wrapper.application; includeInIndex = 0; path = SodyoSDKDemoSwift.app; sourceTree = BUILT_PRODUCTS_DIR; };
		F1FF58021F6A2E0F00FDCFCD /* AppDelegate.swift */ = {isa = PBXFileReference; lastKnownFileType = sourcecode.swift; path = AppDelegate.swift; sourceTree = "<group>"; };
		F1FF58041F6A2E0F00FDCFCD /* ViewController.swift */ = {isa = PBXFileReference; lastKnownFileType = sourcecode.swift; path = ViewController.swift; sourceTree = "<group>"; };
		F1FF58091F6A2E0F00FDCFCD /* Assets.xcassets */ = {isa = PBXFileReference; lastKnownFileType = folder.assetcatalog; path = Assets.xcassets; sourceTree = "<group>"; };
		F1FF580C1F6A2E0F00FDCFCD /* Base */ = {isa = PBXFileReference; lastKnownFileType = file.storyboard; name = Base; path = Base.lproj/LaunchScreen.storyboard; sourceTree = "<group>"; };
		F1FF580E1F6A2E0F00FDCFCD /* Info.plist */ = {isa = PBXFileReference; lastKnownFileType = text.plist.xml; path = Info.plist; sourceTree = "<group>"; };
		F1FF58421F6A303500FDCFCD /* SodyoSDKDemoSwift-Bridging-Header.h */ = {isa = PBXFileReference; lastKnownFileType = sourcecode.c.h; path = "SodyoSDKDemoSwift-Bridging-Header.h"; sourceTree = "<group>"; };
/* End PBXFileReference section */

/* Begin PBXFrameworksBuildPhase section */
		F1FF57FC1F6A2E0F00FDCFCD /* Frameworks */ = {
			isa = PBXFrameworksBuildPhase;
			buildActionMask = 2147483647;
			files = (
				F1D293E048A9D9F9A41798BB /* Pods_SodyoSDKDemoSwift.framework in Frameworks */,
			);
			runOnlyForDeploymentPostprocessing = 0;
		};
/* End PBXFrameworksBuildPhase section */

/* Begin PBXGroup section */
		080871474A58EC1BF6BE4A34 /* Pods */ = {
			isa = PBXGroup;
			children = (
				0AA3AC23E3D581E98C4C95D4 /* Pods-SodyoSDKDemoSwift.debug.xcconfig */,
				0EC43849C08A61D62CC27BCD /* Pods-SodyoSDKDemoSwift.release.xcconfig */,
			);
			name = Pods;
			sourceTree = "<group>";
		};
		162852AB65D18BD7CA8D31B6 /* Frameworks */ = {
			isa = PBXGroup;
			children = (
				041CA9D8BF6925319B3D9342 /* Pods_SodyoSDKDemoSwift.framework */,
			);
			name = Frameworks;
			sourceTree = "<group>";
		};
		F1FF57F61F6A2E0F00FDCFCD = {
			isa = PBXGroup;
			children = (
				F1FF58011F6A2E0F00FDCFCD /* SodyoSDKDemoSwift */,
				F1FF58001F6A2E0F00FDCFCD /* Products */,
				080871474A58EC1BF6BE4A34 /* Pods */,
				162852AB65D18BD7CA8D31B6 /* Frameworks */,
			);
			sourceTree = "<group>";
		};
		F1FF58001F6A2E0F00FDCFCD /* Products */ = {
			isa = PBXGroup;
			children = (
				F1FF57FF1F6A2E0F00FDCFCD /* SodyoSDKDemoSwift.app */,
			);
			name = Products;
			sourceTree = "<group>";
		};
		F1FF58011F6A2E0F00FDCFCD /* SodyoSDKDemoSwift */ = {
			isa = PBXGroup;
			children = (
				F1FF58021F6A2E0F00FDCFCD /* AppDelegate.swift */,
				F1FF58041F6A2E0F00FDCFCD /* ViewController.swift */,
				F1B9C4061F9F1FE8004FE223 /* SodyoSDKDemo.storyboard */,
				F1FF58091F6A2E0F00FDCFCD /* Assets.xcassets */,
				F1FF580B1F6A2E0F00FDCFCD /* LaunchScreen.storyboard */,
				F1FF580E1F6A2E0F00FDCFCD /* Info.plist */,
				F1FF58421F6A303500FDCFCD /* SodyoSDKDemoSwift-Bridging-Header.h */,
			);
			path = SodyoSDKDemoSwift;
			sourceTree = "<group>";
		};
/* End PBXGroup section */

/* Begin PBXNativeTarget section */
		F1FF57FE1F6A2E0F00FDCFCD /* SodyoSDKDemoSwift */ = {
			isa = PBXNativeTarget;
			buildConfigurationList = F1FF58111F6A2E0F00FDCFCD /* Build configuration list for PBXNativeTarget "SodyoSDKDemoSwift" */;
			buildPhases = (
				3D6AF0E375D5724F7DFECA23 /* [CP] Check Pods Manifest.lock */,
				F1FF57FB1F6A2E0F00FDCFCD /* Sources */,
				F1FF57FC1F6A2E0F00FDCFCD /* Frameworks */,
				F1FF57FD1F6A2E0F00FDCFCD /* Resources */,
				9E8EA16F5AD0DB8554B584D1 /* [CP] Embed Pods Frameworks */,
				6F7C8C0301A41CBC2BADC603 /* [CP] Copy Pods Resources */,
			);
			buildRules = (
			);
			dependencies = (
			);
			name = SodyoSDKDemoSwift;
			productName = SodyoSDKDemoSwift;
			productReference = F1FF57FF1F6A2E0F00FDCFCD /* SodyoSDKDemoSwift.app */;
			productType = "com.apple.product-type.application";
		};
/* End PBXNativeTarget section */

/* Begin PBXProject section */
		F1FF57F71F6A2E0F00FDCFCD /* Project object */ = {
			isa = PBXProject;
			attributes = {
				BuildIndependentTargetsInParallel = YES;
				LastSwiftUpdateCheck = 0830;
				LastUpgradeCheck = 1500;
				ORGANIZATIONNAME = Sodyo;
				TargetAttributes = {
					F1FF57FE1F6A2E0F00FDCFCD = {
						CreatedOnToolsVersion = 8.3.3;
						DevelopmentTeam = V4N4F4ECQG;
						LastSwiftMigration = 0830;
						ProvisioningStyle = Automatic;
					};
				};
			};
			buildConfigurationList = F1FF57FA1F6A2E0F00FDCFCD /* Build configuration list for PBXProject "SodyoSDKDemoSwift" */;
			compatibilityVersion = "Xcode 3.2";
			developmentRegion = English;
			hasScannedForEncodings = 0;
			knownRegions = (
				English,
				en,
				Base,
			);
			mainGroup = F1FF57F61F6A2E0F00FDCFCD;
			productRefGroup = F1FF58001F6A2E0F00FDCFCD /* Products */;
			projectDirPath = "";
			projectRoot = "";
			targets = (
				F1FF57FE1F6A2E0F00FDCFCD /* SodyoSDKDemoSwift */,
			);
		};
/* End PBXProject section */

/* Begin PBXResourcesBuildPhase section */
		F1FF57FD1F6A2E0F00FDCFCD /* Resources */ = {
			isa = PBXResourcesBuildPhase;
			buildActionMask = 2147483647;
			files = (
				F1FF580D1F6A2E0F00FDCFCD /* LaunchScreen.storyboard in Resources */,
				F1FF580A1F6A2E0F00FDCFCD /* Assets.xcassets in Resources */,
				F1B9C4071F9F1FE8004FE223 /* SodyoSDKDemo.storyboard in Resources */,
			);
			runOnlyForDeploymentPostprocessing = 0;
		};
/* End PBXResourcesBuildPhase section */

/* Begin PBXShellScriptBuildPhase section */
		3D6AF0E375D5724F7DFECA23 /* [CP] Check Pods Manifest.lock */ = {
			isa = PBXShellScriptBuildPhase;
			buildActionMask = 2147483647;
			files = (
			);
			inputPaths = (
				"${PODS_PODFILE_DIR_PATH}/Podfile.lock",
				"${PODS_ROOT}/Manifest.lock",
			);
			name = "[CP] Check Pods Manifest.lock";
			outputPaths = (
				"$(DERIVED_FILE_DIR)/Pods-SodyoSDKDemoSwift-checkManifestLockResult.txt",
			);
			runOnlyForDeploymentPostprocessing = 0;
			shellPath = /bin/sh;
			shellScript = "diff \"${PODS_PODFILE_DIR_PATH}/Podfile.lock\" \"${PODS_ROOT}/Manifest.lock\" > /dev/null\nif [ $? != 0 ] ; then\n    # print error to STDERR\n    echo \"error: The sandbox is not in sync with the Podfile.lock. Run 'pod install' or update your CocoaPods installation.\" >&2\n    exit 1\nfi\n# This output is used by Xcode 'outputs' to avoid re-running this script phase.\necho \"SUCCESS\" > \"${SCRIPT_OUTPUT_FILE_0}\"\n";
			showEnvVarsInLog = 0;
		};
		6F7C8C0301A41CBC2BADC603 /* [CP] Copy Pods Resources */ = {
			isa = PBXShellScriptBuildPhase;
			buildActionMask = 2147483647;
			files = (
			);
			inputPaths = (
				"${PODS_ROOT}/Target Support Files/Pods-SodyoSDKDemoSwift/Pods-SodyoSDKDemoSwift-resources.sh",
				"${PODS_ROOT}/SodyoSDK/SodyoSDK/Resources/SodyoResources.bundle",
			);
			name = "[CP] Copy Pods Resources";
			outputPaths = (
				"${TARGET_BUILD_DIR}/${UNLOCALIZED_RESOURCES_FOLDER_PATH}/SodyoResources.bundle",
			);
			runOnlyForDeploymentPostprocessing = 0;
			shellPath = /bin/sh;
			shellScript = "\"${PODS_ROOT}/Target Support Files/Pods-SodyoSDKDemoSwift/Pods-SodyoSDKDemoSwift-resources.sh\"\n";
			showEnvVarsInLog = 0;
		};
		9E8EA16F5AD0DB8554B584D1 /* [CP] Embed Pods Frameworks */ = {
			isa = PBXShellScriptBuildPhase;
			buildActionMask = 2147483647;
			files = (
			);
			inputPaths = (
				"${PODS_ROOT}/Target Support Files/Pods-SodyoSDKDemoSwift/Pods-SodyoSDKDemoSwift-frameworks.sh",
				"${BUILT_PRODUCTS_DIR}/AFNetworking/AFNetworking.framework",
			);
			name = "[CP] Embed Pods Frameworks";
			outputPaths = (
				"${TARGET_BUILD_DIR}/${FRAMEWORKS_FOLDER_PATH}/AFNetworking.framework",
			);
			runOnlyForDeploymentPostprocessing = 0;
			shellPath = /bin/sh;
			shellScript = "\"${PODS_ROOT}/Target Support Files/Pods-SodyoSDKDemoSwift/Pods-SodyoSDKDemoSwift-frameworks.sh\"\n";
			showEnvVarsInLog = 0;
		};
/* End PBXShellScriptBuildPhase section */

/* Begin PBXSourcesBuildPhase section */
		F1FF57FB1F6A2E0F00FDCFCD /* Sources */ = {
			isa = PBXSourcesBuildPhase;
			buildActionMask = 2147483647;
			files = (
				F1FF58051F6A2E0F00FDCFCD /* ViewController.swift in Sources */,
				F1FF58031F6A2E0F00FDCFCD /* AppDelegate.swift in Sources */,
			);
			runOnlyForDeploymentPostprocessing = 0;
		};
/* End PBXSourcesBuildPhase section */

/* Begin PBXVariantGroup section */
		F1FF580B1F6A2E0F00FDCFCD /* LaunchScreen.storyboard */ = {
			isa = PBXVariantGroup;
			children = (
				F1FF580C1F6A2E0F00FDCFCD /* Base */,
			);
			name = LaunchScreen.storyboard;
			sourceTree = "<group>";
		};
/* End PBXVariantGroup section */

/* Begin XCBuildConfiguration section */
		F1FF580F1F6A2E0F00FDCFCD /* Debug */ = {
			isa = XCBuildConfiguration;
			buildSettings = {
				ALWAYS_SEARCH_USER_PATHS = NO;
				CLANG_ANALYZER_LOCALIZABILITY_NONLOCALIZED = YES;
				CLANG_ANALYZER_NONNULL = YES;
				CLANG_ANALYZER_NUMBER_OBJECT_CONVERSION = YES_AGGRESSIVE;
				CLANG_CXX_LANGUAGE_STANDARD = "gnu++0x";
				CLANG_CXX_LIBRARY = "libc++";
				CLANG_ENABLE_MODULES = YES;
				CLANG_ENABLE_OBJC_ARC = YES;
				CLANG_WARN_BLOCK_CAPTURE_AUTORELEASING = YES;
				CLANG_WARN_BOOL_CONVERSION = YES;
				CLANG_WARN_COMMA = YES;
				CLANG_WARN_CONSTANT_CONVERSION = YES;
				CLANG_WARN_DEPRECATED_OBJC_IMPLEMENTATIONS = YES;
				CLANG_WARN_DIRECT_OBJC_ISA_USAGE = YES_ERROR;
				CLANG_WARN_DOCUMENTATION_COMMENTS = YES;
				CLANG_WARN_EMPTY_BODY = YES;
				CLANG_WARN_ENUM_CONVERSION = YES;
				CLANG_WARN_INFINITE_RECURSION = YES;
				CLANG_WARN_INT_CONVERSION = YES;
				CLANG_WARN_NON_LITERAL_NULL_CONVERSION = YES;
				CLANG_WARN_OBJC_IMPLICIT_RETAIN_SELF = YES;
				CLANG_WARN_OBJC_LITERAL_CONVERSION = YES;
				CLANG_WARN_OBJC_ROOT_CLASS = YES_ERROR;
				CLANG_WARN_QUOTED_INCLUDE_IN_FRAMEWORK_HEADER = YES;
				CLANG_WARN_RANGE_LOOP_ANALYSIS = YES;
				CLANG_WARN_STRICT_PROTOTYPES = YES;
				CLANG_WARN_SUSPICIOUS_MOVE = YES;
				CLANG_WARN_UNREACHABLE_CODE = YES;
				CLANG_WARN__DUPLICATE_METHOD_MATCH = YES;
				"CODE_SIGN_IDENTITY[sdk=iphoneos*]" = "iPhone Developer";
				COPY_PHASE_STRIP = NO;
				DEBUG_INFORMATION_FORMAT = dwarf;
				ENABLE_STRICT_OBJC_MSGSEND = YES;
				ENABLE_TESTABILITY = YES;
				ENABLE_USER_SCRIPT_SANDBOXING = YES;
				GCC_C_LANGUAGE_STANDARD = gnu99;
				GCC_DYNAMIC_NO_PIC = NO;
				GCC_NO_COMMON_BLOCKS = YES;
				GCC_OPTIMIZATION_LEVEL = 0;
				GCC_PREPROCESSOR_DEFINITIONS = (
					"DEBUG=1",
					"$(inherited)",
				);
				GCC_WARN_64_TO_32_BIT_CONVERSION = YES;
				GCC_WARN_ABOUT_RETURN_TYPE = YES_ERROR;
				GCC_WARN_UNDECLARED_SELECTOR = YES;
				GCC_WARN_UNINITIALIZED_AUTOS = YES_AGGRESSIVE;
				GCC_WARN_UNUSED_FUNCTION = YES;
				GCC_WARN_UNUSED_VARIABLE = YES;
				IPHONEOS_DEPLOYMENT_TARGET = 15.0;
				MTL_ENABLE_DEBUG_INFO = YES;
				ONLY_ACTIVE_ARCH = YES;
				SDKROOT = iphoneos;
				SWIFT_ACTIVE_COMPILATION_CONDITIONS = DEBUG;
				SWIFT_OPTIMIZATION_LEVEL = "-Onone";
			};
			name = Debug;
		};
		F1FF58101F6A2E0F00FDCFCD /* Release */ = {
			isa = XCBuildConfiguration;
			buildSettings = {
				ALWAYS_SEARCH_USER_PATHS = NO;
				CLANG_ANALYZER_LOCALIZABILITY_NONLOCALIZED = YES;
				CLANG_ANALYZER_NONNULL = YES;
				CLANG_ANALYZER_NUMBER_OBJECT_CONVERSION = YES_AGGRESSIVE;
				CLANG_CXX_LANGUAGE_STANDARD = "gnu++0x";
				CLANG_CXX_LIBRARY = "libc++";
				CLANG_ENABLE_MODULES = YES;
				CLANG_ENABLE_OBJC_ARC = YES;
				CLANG_WARN_BLOCK_CAPTURE_AUTORELEASING = YES;
				CLANG_WARN_BOOL_CONVERSION = YES;
				CLANG_WARN_COMMA = YES;
				CLANG_WARN_CONSTANT_CONVERSION = YES;
				CLANG_WARN_DEPRECATED_OBJC_IMPLEMENTATIONS = YES;
				CLANG_WARN_DIRECT_OBJC_ISA_USAGE = YES_ERROR;
				CLANG_WARN_DOCUMENTATION_COMMENTS = YES;
				CLANG_WARN_EMPTY_BODY = YES;
				CLANG_WARN_ENUM_CONVERSION = YES;
				CLANG_WARN_INFINITE_RECURSION = YES;
				CLANG_WARN_INT_CONVERSION = YES;
				CLANG_WARN_NON_LITERAL_NULL_CONVERSION = YES;
				CLANG_WARN_OBJC_IMPLICIT_RETAIN_SELF = YES;
				CLANG_WARN_OBJC_LITERAL_CONVERSION = YES;
				CLANG_WARN_OBJC_ROOT_CLASS = YES_ERROR;
				CLANG_WARN_QUOTED_INCLUDE_IN_FRAMEWORK_HEADER = YES;
				CLANG_WARN_RANGE_LOOP_ANALYSIS = YES;
				CLANG_WARN_STRICT_PROTOTYPES = YES;
				CLANG_WARN_SUSPICIOUS_MOVE = YES;
				CLANG_WARN_UNREACHABLE_CODE = YES;
				CLANG_WARN__DUPLICATE_METHOD_MATCH = YES;
				"CODE_SIGN_IDENTITY[sdk=iphoneos*]" = "iPhone Developer";
				COPY_PHASE_STRIP = NO;
				DEBUG_INFORMATION_FORMAT = "dwarf-with-dsym";
				ENABLE_NS_ASSERTIONS = NO;
				ENABLE_STRICT_OBJC_MSGSEND = YES;
				ENABLE_USER_SCRIPT_SANDBOXING = YES;
				GCC_C_LANGUAGE_STANDARD = gnu99;
				GCC_NO_COMMON_BLOCKS = YES;
				GCC_WARN_64_TO_32_BIT_CONVERSION = YES;
				GCC_WARN_ABOUT_RETURN_TYPE = YES_ERROR;
				GCC_WARN_UNDECLARED_SELECTOR = YES;
				GCC_WARN_UNINITIALIZED_AUTOS = YES_AGGRESSIVE;
				GCC_WARN_UNUSED_FUNCTION = YES;
				GCC_WARN_UNUSED_VARIABLE = YES;
				IPHONEOS_DEPLOYMENT_TARGET = 15.0;
				MTL_ENABLE_DEBUG_INFO = NO;
				SDKROOT = iphoneos;
				SWIFT_COMPILATION_MODE = wholemodule;
				SWIFT_OPTIMIZATION_LEVEL = "-O";
				VALIDATE_PRODUCT = YES;
			};
			name = Release;
		};
		F1FF58121F6A2E0F00FDCFCD /* Debug */ = {
			isa = XCBuildConfiguration;
			baseConfigurationReference = 0AA3AC23E3D581E98C4C95D4 /* Pods-SodyoSDKDemoSwift.debug.xcconfig */;
			buildSettings = {
				ASSETCATALOG_COMPILER_APPICON_NAME = AppIcon;
				CLANG_ENABLE_MODULES = YES;
				DEVELOPMENT_TEAM = V4N4F4ECQG;
				ENABLE_USER_SCRIPT_SANDBOXING = NO;
				INFOPLIST_FILE = SodyoSDKDemoSwift/Info.plist;
				IPHONEOS_DEPLOYMENT_TARGET = 15.0;
				LD_RUNPATH_SEARCH_PATHS = (
					"$(inherited)",
					"@executable_path/Frameworks",
				);
				PRODUCT_BUNDLE_IDENTIFIER = sodyoApps.SodyoSDKDemoSwift;
				PRODUCT_NAME = "$(TARGET_NAME)";
				SWIFT_OBJC_BRIDGING_HEADER = "SodyoSDKDemoSwift/SodyoSDKDemoSwift-Bridging-Header.h";
				SWIFT_OPTIMIZATION_LEVEL = "-Onone";
				SWIFT_VERSION = 5.0;
			};
			name = Debug;
		};
		F1FF58131F6A2E0F00FDCFCD /* Release */ = {
			isa = XCBuildConfiguration;
			baseConfigurationReference = 0EC43849C08A61D62CC27BCD /* Pods-SodyoSDKDemoSwift.release.xcconfig */;
			buildSettings = {
				ASSETCATALOG_COMPILER_APPICON_NAME = AppIcon;
				CLANG_ENABLE_MODULES = YES;
				DEVELOPMENT_TEAM = V4N4F4ECQG;
				ENABLE_USER_SCRIPT_SANDBOXING = NO;
				INFOPLIST_FILE = SodyoSDKDemoSwift/Info.plist;
				IPHONEOS_DEPLOYMENT_TARGET = 15.0;
				LD_RUNPATH_SEARCH_PATHS = (
					"$(inherited)",
					"@executable_path/Frameworks",
				);
				PRODUCT_BUNDLE_IDENTIFIER = sodyoApps.SodyoSDKDemoSwift;
				PRODUCT_NAME = "$(TARGET_NAME)";
				SWIFT_OBJC_BRIDGING_HEADER = "SodyoSDKDemoSwift/SodyoSDKDemoSwift-Bridging-Header.h";
				SWIFT_VERSION = 5.0;
			};
			name = Release;
		};
/* End XCBuildConfiguration section */

/* Begin XCConfigurationList section */
		F1FF57FA1F6A2E0F00FDCFCD /* Build configuration list for PBXProject "SodyoSDKDemoSwift" */ = {
			isa = XCConfigurationList;
			buildConfigurations = (
				F1FF580F1F6A2E0F00FDCFCD /* Debug */,
				F1FF58101F6A2E0F00FDCFCD /* Release */,
			);
			defaultConfigurationIsVisible = 0;
			defaultConfigurationName = Release;
		};
		F1FF58111F6A2E0F00FDCFCD /* Build configuration list for PBXNativeTarget "SodyoSDKDemoSwift" */ = {
			isa = XCConfigurationList;
			buildConfigurations = (
				F1FF58121F6A2E0F00FDCFCD /* Debug */,
				F1FF58131F6A2E0F00FDCFCD /* Release */,
			);
			defaultConfigurationIsVisible = 0;
			defaultConfigurationName = Release;
		};
/* End XCConfigurationList section */
	};
	rootObject = F1FF57F71F6A2E0F00FDCFCD /* Project object */;
}
